
Microsoft Visual Studio Solution File, Format Version 12.00
# Visual Studio 15
VisualStudioVersion = 15.0.26730.16
MinimumVisualStudioVersion = 10.0.40219.1
Project("{FAE04EC0-301F-11D3-BF4B-00C04F79EFBC}") = "pizza.Android", "pizza\pizza.Android\pizza.Android.csproj", "{AFB3BE16-FA94-4BF0-9A8A-661213841BC5}"
EndProject
Project("{FAE04EC0-301F-11D3-BF4B-00C04F79EFBC}") = "pizza", "pizza\pizza\pizza.csproj", "{71915FAB-02E2-40E0-9EA3-9FF3D7BC84DC}"
EndProject
Project("{FAE04EC0-301F-11D3-BF4B-00C04F79EFBC}") = "pizza.UWP", "pizza\pizza.UWP\pizza.UWP.csproj", "{5453E6A2-3887-4B0D-AD98-811325C6EAB4}"
EndProject
Project("{FAE04EC0-301F-11D3-BF4B-00C04F79EFBC}") = "pizza.iOS", "pizza\pizza.iOS\pizza.iOS.csproj", "{88959E0E-92C5-43AB-B3C9-0F82305DF1AB}"
EndProject
Global
	GlobalSection(SolutionConfigurationPlatforms) = preSolution
		Ad-Hoc|Any CPU = Ad-Hoc|Any CPU
		Ad-Hoc|ARM = Ad-Hoc|ARM
		Ad-Hoc|iPhone = Ad-Hoc|iPhone
		Ad-Hoc|iPhoneSimulator = Ad-Hoc|iPhoneSimulator
		Ad-Hoc|x64 = Ad-Hoc|x64
		Ad-Hoc|x86 = Ad-Hoc|x86
		AppStore|Any CPU = AppStore|Any CPU
		AppStore|ARM = AppStore|ARM
		AppStore|iPhone = AppStore|iPhone
		AppStore|iPhoneSimulator = AppStore|iPhoneSimulator
		AppStore|x64 = AppStore|x64
		AppStore|x86 = AppStore|x86
		Debug|Any CPU = Debug|Any CPU
		Debug|ARM = Debug|ARM
		Debug|iPhone = Debug|iPhone
		Debug|iPhoneSimulator = Debug|iPhoneSimulator
		Debug|x64 = Debug|x64
		Debug|x86 = Debug|x86
		Release|Any CPU = Release|Any CPU
		Release|ARM = Release|ARM
		Release|iPhone = Release|iPhone
		Release|iPhoneSimulator = Release|iPhoneSimulator
		Release|x64 = Release|x64
		Release|x86 = Release|x86
	EndGlobalSection
	GlobalSection(ProjectConfigurationPlatforms) = postSolution
		{AFB3BE16-FA94-4BF0-9A8A-661213841BC5}.Ad-Hoc|Any CPU.ActiveCfg = Release|Any CPU
		{AFB3BE16-FA94-4BF0-9A8A-661213841BC5}.Ad-Hoc|Any CPU.Build.0 = Release|Any CPU
		{AFB3BE16-FA94-4BF0-9A8A-661213841BC5}.Ad-Hoc|Any CPU.Deploy.0 = Release|Any CPU
		{AFB3BE16-FA94-4BF0-9A8A-661213841BC5}.Ad-Hoc|ARM.ActiveCfg = Release|Any CPU
		{AFB3BE16-FA94-4BF0-9A8A-661213841BC5}.Ad-Hoc|ARM.Build.0 = Release|Any CPU
		{AFB3BE16-FA94-4BF0-9A8A-661213841BC5}.Ad-Hoc|ARM.Deploy.0 = Release|Any CPU
		{AFB3BE16-FA94-4BF0-9A8A-661213841BC5}.Ad-Hoc|iPhone.ActiveCfg = Release|Any CPU
		{AFB3BE16-FA94-4BF0-9A8A-661213841BC5}.Ad-Hoc|iPhone.Build.0 = Release|Any CPU
		{AFB3BE16-FA94-4BF0-9A8A-661213841BC5}.Ad-Hoc|iPhone.Deploy.0 = Release|Any CPU
		{AFB3BE16-FA94-4BF0-9A8A-661213841BC5}.Ad-Hoc|iPhoneSimulator.ActiveCfg = Release|Any CPU
		{AFB3BE16-FA94-4BF0-9A8A-661213841BC5}.Ad-Hoc|iPhoneSimulator.Build.0 = Release|Any CPU
		{AFB3BE16-FA94-4BF0-9A8A-661213841BC5}.Ad-Hoc|iPhoneSimulator.Deploy.0 = Release|Any CPU
		{AFB3BE16-FA94-4BF0-9A8A-661213841BC5}.Ad-Hoc|x64.ActiveCfg = Release|Any CPU
		{AFB3BE16-FA94-4BF0-9A8A-661213841BC5}.Ad-Hoc|x64.Build.0 = Release|Any CPU
		{AFB3BE16-FA94-4BF0-9A8A-661213841BC5}.Ad-Hoc|x64.Deploy.0 = Release|Any CPU
		{AFB3BE16-FA94-4BF0-9A8A-661213841BC5}.Ad-Hoc|x86.ActiveCfg = Release|Any CPU
		{AFB3BE16-FA94-4BF0-9A8A-661213841BC5}.Ad-Hoc|x86.Build.0 = Release|Any CPU
		{AFB3BE16-FA94-4BF0-9A8A-661213841BC5}.Ad-Hoc|x86.Deploy.0 = Release|Any CPU
		{AFB3BE16-FA94-4BF0-9A8A-661213841BC5}.AppStore|Any CPU.ActiveCfg = Release|Any CPU
		{AFB3BE16-FA94-4BF0-9A8A-661213841BC5}.AppStore|Any CPU.Build.0 = Release|Any CPU
		{AFB3BE16-FA94-4BF0-9A8A-661213841BC5}.AppStore|Any CPU.Deploy.0 = Release|Any CPU
		{AFB3BE16-FA94-4BF0-9A8A-661213841BC5}.AppStore|ARM.ActiveCfg = Release|Any CPU
		{AFB3BE16-FA94-4BF0-9A8A-661213841BC5}.AppStore|ARM.Build.0 = Release|Any CPU
		{AFB3BE16-FA94-4BF0-9A8A-661213841BC5}.AppStore|ARM.Deploy.0 = Release|Any CPU
		{AFB3BE16-FA94-4BF0-9A8A-661213841BC5}.AppStore|iPhone.ActiveCfg = Release|Any CPU
		{AFB3BE16-FA94-4BF0-9A8A-661213841BC5}.AppStore|iPhone.Build.0 = Release|Any CPU
		{AFB3BE16-FA94-4BF0-9A8A-661213841BC5}.AppStore|iPhone.Deploy.0 = Release|Any CPU
		{AFB3BE16-FA94-4BF0-9A8A-661213841BC5}.AppStore|iPhoneSimulator.ActiveCfg = Release|Any CPU
		{AFB3BE16-FA94-4BF0-9A8A-661213841BC5}.AppStore|iPhoneSimulator.Build.0 = Release|Any CPU
		{AFB3BE16-FA94-4BF0-9A8A-661213841BC5}.AppStore|iPhoneSimulator.Deploy.0 = Release|Any CPU
		{AFB3BE16-FA94-4BF0-9A8A-661213841BC5}.AppStore|x64.ActiveCfg = Release|Any CPU
		{AFB3BE16-FA94-4BF0-9A8A-661213841BC5}.AppStore|x64.Build.0 = Release|Any CPU
		{AFB3BE16-FA94-4BF0-9A8A-661213841BC5}.AppStore|x64.Deploy.0 = Release|Any CPU
		{AFB3BE16-FA94-4BF0-9A8A-661213841BC5}.AppStore|x86.ActiveCfg = Release|Any CPU
		{AFB3BE16-FA94-4BF0-9A8A-661213841BC5}.AppStore|x86.Build.0 = Release|Any CPU
		{AFB3BE16-FA94-4BF0-9A8A-661213841BC5}.AppStore|x86.Deploy.0 = Release|Any CPU
		{AFB3BE16-FA94-4BF0-9A8A-661213841BC5}.Debug|Any CPU.ActiveCfg = Debug|Any CPU
		{AFB3BE16-FA94-4BF0-9A8A-661213841BC5}.Debug|Any CPU.Build.0 = Debug|Any CPU
		{AFB3BE16-FA94-4BF0-9A8A-661213841BC5}.Debug|Any CPU.Deploy.0 = Debug|Any CPU
		{AFB3BE16-FA94-4BF0-9A8A-661213841BC5}.Debug|ARM.ActiveCfg = Debug|Any CPU
		{AFB3BE16-FA94-4BF0-9A8A-661213841BC5}.Debug|ARM.Build.0 = Debug|Any CPU
		{AFB3BE16-FA94-4BF0-9A8A-661213841BC5}.Debug|ARM.Deploy.0 = Debug|Any CPU
		{AFB3BE16-FA94-4BF0-9A8A-661213841BC5}.Debug|iPhone.ActiveCfg = Debug|Any CPU
		{AFB3BE16-FA94-4BF0-9A8A-661213841BC5}.Debug|iPhone.Build.0 = Debug|Any CPU
		{AFB3BE16-FA94-4BF0-9A8A-661213841BC5}.Debug|iPhone.Deploy.0 = Debug|Any CPU
		{AFB3BE16-FA94-4BF0-9A8A-661213841BC5}.Debug|iPhoneSimulator.ActiveCfg = Debug|Any CPU
		{AFB3BE16-FA94-4BF0-9A8A-661213841BC5}.Debug|iPhoneSimulator.Build.0 = Debug|Any CPU
		{AFB3BE16-FA94-4BF0-9A8A-661213841BC5}.Debug|iPhoneSimulator.Deploy.0 = Debug|Any CPU
		{AFB3BE16-FA94-4BF0-9A8A-661213841BC5}.Debug|x64.ActiveCfg = Debug|Any CPU
		{AFB3BE16-FA94-4BF0-9A8A-661213841BC5}.Debug|x64.Build.0 = Debug|Any CPU
		{AFB3BE16-FA94-4BF0-9A8A-661213841BC5}.Debug|x64.Deploy.0 = Debug|Any CPU
		{AFB3BE16-FA94-4BF0-9A8A-661213841BC5}.Debug|x86.ActiveCfg = Debug|Any CPU
		{AFB3BE16-FA94-4BF0-9A8A-661213841BC5}.Debug|x86.Build.0 = Debug|Any CPU
		{AFB3BE16-FA94-4BF0-9A8A-661213841BC5}.Debug|x86.Deploy.0 = Debug|Any CPU
		{AFB3BE16-FA94-4BF0-9A8A-661213841BC5}.Release|Any CPU.ActiveCfg = Release|Any CPU
		{AFB3BE16-FA94-4BF0-9A8A-661213841BC5}.Release|Any CPU.Build.0 = Release|Any CPU
		{AFB3BE16-FA94-4BF0-9A8A-661213841BC5}.Release|Any CPU.Deploy.0 = Release|Any CPU
		{AFB3BE16-FA94-4BF0-9A8A-661213841BC5}.Release|ARM.ActiveCfg = Release|Any CPU
		{AFB3BE16-FA94-4BF0-9A8A-661213841BC5}.Release|ARM.Build.0 = Release|Any CPU
		{AFB3BE16-FA94-4BF0-9A8A-661213841BC5}.Release|ARM.Deploy.0 = Release|Any CPU
		{AFB3BE16-FA94-4BF0-9A8A-661213841BC5}.Release|iPhone.ActiveCfg = Release|Any CPU
		{AFB3BE16-FA94-4BF0-9A8A-661213841BC5}.Release|iPhone.Build.0 = Release|Any CPU
		{AFB3BE16-FA94-4BF0-9A8A-661213841BC5}.Release|iPhone.Deploy.0 = Release|Any CPU
		{AFB3BE16-FA94-4BF0-9A8A-661213841BC5}.Release|iPhoneSimulator.ActiveCfg = Release|Any CPU
		{AFB3BE16-FA94-4BF0-9A8A-661213841BC5}.Release|iPhoneSimulator.Build.0 = Release|Any CPU
		{AFB3BE16-FA94-4BF0-9A8A-661213841BC5}.Release|iPhoneSimulator.Deploy.0 = Release|Any CPU
		{AFB3BE16-FA94-4BF0-9A8A-661213841BC5}.Release|x64.ActiveCfg = Release|Any CPU
		{AFB3BE16-FA94-4BF0-9A8A-661213841BC5}.Release|x64.Build.0 = Release|Any CPU
		{AFB3BE16-FA94-4BF0-9A8A-661213841BC5}.Release|x64.Deploy.0 = Release|Any CPU
		{AFB3BE16-FA94-4BF0-9A8A-661213841BC5}.Release|x86.ActiveCfg = Release|Any CPU
		{AFB3BE16-FA94-4BF0-9A8A-661213841BC5}.Release|x86.Build.0 = Release|Any CPU
		{AFB3BE16-FA94-4BF0-9A8A-661213841BC5}.Release|x86.Deploy.0 = Release|Any CPU
		{71915FAB-02E2-40E0-9EA3-9FF3D7BC84DC}.Ad-Hoc|Any CPU.ActiveCfg = Release|Any CPU
		{71915FAB-02E2-40E0-9EA3-9FF3D7BC84DC}.Ad-Hoc|Any CPU.Build.0 = Release|Any CPU
		{71915FAB-02E2-40E0-9EA3-9FF3D7BC84DC}.Ad-Hoc|ARM.ActiveCfg = Release|Any CPU
		{71915FAB-02E2-40E0-9EA3-9FF3D7BC84DC}.Ad-Hoc|ARM.Build.0 = Release|Any CPU
		{71915FAB-02E2-40E0-9EA3-9FF3D7BC84DC}.Ad-Hoc|iPhone.ActiveCfg = Release|Any CPU
		{71915FAB-02E2-40E0-9EA3-9FF3D7BC84DC}.Ad-Hoc|iPhone.Build.0 = Release|Any CPU
		{71915FAB-02E2-40E0-9EA3-9FF3D7BC84DC}.Ad-Hoc|iPhoneSimulator.ActiveCfg = Release|Any CPU
		{71915FAB-02E2-40E0-9EA3-9FF3D7BC84DC}.Ad-Hoc|iPhoneSimulator.Build.0 = Release|Any CPU
		{71915FAB-02E2-40E0-9EA3-9FF3D7BC84DC}.Ad-Hoc|x64.ActiveCfg = Release|Any CPU
		{71915FAB-02E2-40E0-9EA3-9FF3D7BC84DC}.Ad-Hoc|x64.Build.0 = Release|Any CPU
		{71915FAB-02E2-40E0-9EA3-9FF3D7BC84DC}.Ad-Hoc|x86.ActiveCfg = Release|Any CPU
		{71915FAB-02E2-40E0-9EA3-9FF3D7BC84DC}.Ad-Hoc|x86.Build.0 = Release|Any CPU
		{71915FAB-02E2-40E0-9EA3-9FF3D7BC84DC}.AppStore|Any CPU.ActiveCfg = Release|Any CPU
		{71915FAB-02E2-40E0-9EA3-9FF3D7BC84DC}.AppStore|Any CPU.Build.0 = Release|Any CPU
		{71915FAB-02E2-40E0-9EA3-9FF3D7BC84DC}.AppStore|ARM.ActiveCfg = Release|Any CPU
		{71915FAB-02E2-40E0-9EA3-9FF3D7BC84DC}.AppStore|ARM.Build.0 = Release|Any CPU
		{71915FAB-02E2-40E0-9EA3-9FF3D7BC84DC}.AppStore|iPhone.ActiveCfg = Release|Any CPU
		{71915FAB-02E2-40E0-9EA3-9FF3D7BC84DC}.AppStore|iPhone.Build.0 = Release|Any CPU
		{71915FAB-02E2-40E0-9EA3-9FF3D7BC84DC}.AppStore|iPhoneSimulator.ActiveCfg = Release|Any CPU
		{71915FAB-02E2-40E0-9EA3-9FF3D7BC84DC}.AppStore|iPhoneSimulator.Build.0 = Release|Any CPU
		{71915FAB-02E2-40E0-9EA3-9FF3D7BC84DC}.AppStore|x64.ActiveCfg = Release|Any CPU
		{71915FAB-02E2-40E0-9EA3-9FF3D7BC84DC}.AppStore|x64.Build.0 = Release|Any CPU
		{71915FAB-02E2-40E0-9EA3-9FF3D7BC84DC}.AppStore|x86.ActiveCfg = Release|Any CPU
		{71915FAB-02E2-40E0-9EA3-9FF3D7BC84DC}.AppStore|x86.Build.0 = Release|Any CPU
		{71915FAB-02E2-40E0-9EA3-9FF3D7BC84DC}.Debug|Any CPU.ActiveCfg = Debug|Any CPU
		{71915FAB-02E2-40E0-9EA3-9FF3D7BC84DC}.Debug|Any CPU.Build.0 = Debug|Any CPU
		{71915FAB-02E2-40E0-9EA3-9FF3D7BC84DC}.Debug|ARM.ActiveCfg = Debug|Any CPU
		{71915FAB-02E2-40E0-9EA3-9FF3D7BC84DC}.Debug|ARM.Build.0 = Debug|Any CPU
		{71915FAB-02E2-40E0-9EA3-9FF3D7BC84DC}.Debug|iPhone.ActiveCfg = Debug|Any CPU
		{71915FAB-02E2-40E0-9EA3-9FF3D7BC84DC}.Debug|iPhone.Build.0 = Debug|Any CPU
		{71915FAB-02E2-40E0-9EA3-9FF3D7BC84DC}.Debug|iPhoneSimulator.ActiveCfg = Debug|Any CPU
		{71915FAB-02E2-40E0-9EA3-9FF3D7BC84DC}.Debug|iPhoneSimulator.Build.0 = Debug|Any CPU
		{71915FAB-02E2-40E0-9EA3-9FF3D7BC84DC}.Debug|x64.ActiveCfg = Debug|Any CPU
		{71915FAB-02E2-40E0-9EA3-9FF3D7BC84DC}.Debug|x64.Build.0 = Debug|Any CPU
		{71915FAB-02E2-40E0-9EA3-9FF3D7BC84DC}.Debug|x86.ActiveCfg = Debug|Any CPU
		{71915FAB-02E2-40E0-9EA3-9FF3D7BC84DC}.Debug|x86.Build.0 = Debug|Any CPU
		{71915FAB-02E2-40E0-9EA3-9FF3D7BC84DC}.Release|Any CPU.ActiveCfg = Release|Any CPU
		{71915FAB-02E2-40E0-9EA3-9FF3D7BC84DC}.Release|Any CPU.Build.0 = Release|Any CPU
		{71915FAB-02E2-40E0-9EA3-9FF3D7BC84DC}.Release|ARM.ActiveCfg = Release|Any CPU
		{71915FAB-02E2-40E0-9EA3-9FF3D7BC84DC}.Release|ARM.Build.0 = Release|Any CPU
		{71915FAB-02E2-40E0-9EA3-9FF3D7BC84DC}.Release|iPhone.ActiveCfg = Release|Any CPU
		{71915FAB-02E2-40E0-9EA3-9FF3D7BC84DC}.Release|iPhone.Build.0 = Release|Any CPU
		{71915FAB-02E2-40E0-9EA3-9FF3D7BC84DC}.Release|iPhoneSimulator.ActiveCfg = Release|Any CPU
		{71915FAB-02E2-40E0-9EA3-9FF3D7BC84DC}.Release|iPhoneSimulator.Build.0 = Release|Any CPU
		{71915FAB-02E2-40E0-9EA3-9FF3D7BC84DC}.Release|x64.ActiveCfg = Release|Any CPU
		{71915FAB-02E2-40E0-9EA3-9FF3D7BC84DC}.Release|x64.Build.0 = Release|Any CPU
		{71915FAB-02E2-40E0-9EA3-9FF3D7BC84DC}.Release|x86.ActiveCfg = Release|Any CPU
		{71915FAB-02E2-40E0-9EA3-9FF3D7BC84DC}.Release|x86.Build.0 = Release|Any CPU
		{5453E6A2-3887-4B0D-AD98-811325C6EAB4}.Ad-Hoc|Any CPU.ActiveCfg = Release|x86
		{5453E6A2-3887-4B0D-AD98-811325C6EAB4}.Ad-Hoc|Any CPU.Build.0 = Release|x86
		{5453E6A2-3887-4B0D-AD98-811325C6EAB4}.Ad-Hoc|Any CPU.Deploy.0 = Release|x86
		{5453E6A2-3887-4B0D-AD98-811325C6EAB4}.Ad-Hoc|ARM.ActiveCfg = Release|ARM
		{5453E6A2-3887-4B0D-AD98-811325C6EAB4}.Ad-Hoc|ARM.Build.0 = Release|ARM
		{5453E6A2-3887-4B0D-AD98-811325C6EAB4}.Ad-Hoc|ARM.Deploy.0 = Release|ARM
		{5453E6A2-3887-4B0D-AD98-811325C6EAB4}.Ad-Hoc|iPhone.ActiveCfg = Release|x86
		{5453E6A2-3887-4B0D-AD98-811325C6EAB4}.Ad-Hoc|iPhone.Build.0 = Release|x86
		{5453E6A2-3887-4B0D-AD98-811325C6EAB4}.Ad-Hoc|iPhone.Deploy.0 = Release|x86
		{5453E6A2-3887-4B0D-AD98-811325C6EAB4}.Ad-Hoc|iPhoneSimulator.ActiveCfg = Release|x86
		{5453E6A2-3887-4B0D-AD98-811325C6EAB4}.Ad-Hoc|iPhoneSimulator.Build.0 = Release|x86
		{5453E6A2-3887-4B0D-AD98-811325C6EAB4}.Ad-Hoc|iPhoneSimulator.Deploy.0 = Release|x86
		{5453E6A2-3887-4B0D-AD98-811325C6EAB4}.Ad-Hoc|x64.ActiveCfg = Release|x64
		{5453E6A2-3887-4B0D-AD98-811325C6EAB4}.Ad-Hoc|x64.Build.0 = Release|x64
		{5453E6A2-3887-4B0D-AD98-811325C6EAB4}.Ad-Hoc|x64.Deploy.0 = Release|x64
		{5453E6A2-3887-4B0D-AD98-811325C6EAB4}.Ad-Hoc|x86.ActiveCfg = Release|x86
		{5453E6A2-3887-4B0D-AD98-811325C6EAB4}.Ad-Hoc|x86.Build.0 = Release|x86
		{5453E6A2-3887-4B0D-AD98-811325C6EAB4}.Ad-Hoc|x86.Deploy.0 = Release|x86
		{5453E6A2-3887-4B0D-AD98-811325C6EAB4}.AppStore|Any CPU.ActiveCfg = Release|x86
		{5453E6A2-3887-4B0D-AD98-811325C6EAB4}.AppStore|Any CPU.Build.0 = Release|x86
		{5453E6A2-3887-4B0D-AD98-811325C6EAB4}.AppStore|Any CPU.Deploy.0 = Release|x86
		{5453E6A2-3887-4B0D-AD98-811325C6EAB4}.AppStore|ARM.ActiveCfg = Release|ARM
		{5453E6A2-3887-4B0D-AD98-811325C6EAB4}.AppStore|ARM.Build.0 = Release|ARM
		{5453E6A2-3887-4B0D-AD98-811325C6EAB4}.AppStore|ARM.Deploy.0 = Release|ARM
		{5453E6A2-3887-4B0D-AD98-811325C6EAB4}.AppStore|iPhone.ActiveCfg = Release|x86
		{5453E6A2-3887-4B0D-AD98-811325C6EAB4}.AppStore|iPhone.Build.0 = Release|x86
		{5453E6A2-3887-4B0D-AD98-811325C6EAB4}.AppStore|iPhone.Deploy.0 = Release|x86
		{5453E6A2-3887-4B0D-AD98-811325C6EAB4}.AppStore|iPhoneSimulator.ActiveCfg = Release|x86
		{5453E6A2-3887-4B0D-AD98-811325C6EAB4}.AppStore|iPhoneSimulator.Build.0 = Release|x86
		{5453E6A2-3887-4B0D-AD98-811325C6EAB4}.AppStore|iPhoneSimulator.Deploy.0 = Release|x86
		{5453E6A2-3887-4B0D-AD98-811325C6EAB4}.AppStore|x64.ActiveCfg = Release|x64
		{5453E6A2-3887-4B0D-AD98-811325C6EAB4}.AppStore|x64.Build.0 = Release|x64
		{5453E6A2-3887-4B0D-AD98-811325C6EAB4}.AppStore|x64.Deploy.0 = Release|x64
		{5453E6A2-3887-4B0D-AD98-811325C6EAB4}.AppStore|x86.ActiveCfg = Release|x86
		{5453E6A2-3887-4B0D-AD98-811325C6EAB4}.AppStore|x86.Build.0 = Release|x86
		{5453E6A2-3887-4B0D-AD98-811325C6EAB4}.AppStore|x86.Deploy.0 = Release|x86
		{5453E6A2-3887-4B0D-AD98-811325C6EAB4}.Debug|Any CPU.ActiveCfg = Debug|x86
		{5453E6A2-3887-4B0D-AD98-811325C6EAB4}.Debug|ARM.ActiveCfg = Debug|ARM
		{5453E6A2-3887-4B0D-AD98-811325C6EAB4}.Debug|ARM.Build.0 = Debug|ARM
		{5453E6A2-3887-4B0D-AD98-811325C6EAB4}.Debug|ARM.Deploy.0 = Debug|ARM
		{5453E6A2-3887-4B0D-AD98-811325C6EAB4}.Debug|iPhone.ActiveCfg = Debug|x86
		{5453E6A2-3887-4B0D-AD98-811325C6EAB4}.Debug|iPhoneSimulator.ActiveCfg = Debug|x86
		{5453E6A2-3887-4B0D-AD98-811325C6EAB4}.Debug|x64.ActiveCfg = Debug|x64
		{5453E6A2-3887-4B0D-AD98-811325C6EAB4}.Debug|x64.Build.0 = Debug|x64
		{5453E6A2-3887-4B0D-AD98-811325C6EAB4}.Debug|x64.Deploy.0 = Debug|x64
		{5453E6A2-3887-4B0D-AD98-811325C6EAB4}.Debug|x86.ActiveCfg = Debug|x86
		{5453E6A2-3887-4B0D-AD98-811325C6EAB4}.Debug|x86.Build.0 = Debug|x86
		{5453E6A2-3887-4B0D-AD98-811325C6EAB4}.Debug|x86.Deploy.0 = Debug|x86
		{5453E6A2-3887-4B0D-AD98-811325C6EAB4}.Release|Any CPU.ActiveCfg = Release|x86
		{5453E6A2-3887-4B0D-AD98-811325C6EAB4}.Release|ARM.ActiveCfg = Release|ARM
		{5453E6A2-3887-4B0D-AD98-811325C6EAB4}.Release|ARM.Build.0 = Release|ARM
		{5453E6A2-3887-4B0D-AD98-811325C6EAB4}.Release|ARM.Deploy.0 = Release|ARM
		{5453E6A2-3887-4B0D-AD98-811325C6EAB4}.Release|iPhone.ActiveCfg = Release|x86
		{5453E6A2-3887-4B0D-AD98-811325C6EAB4}.Release|iPhoneSimulator.ActiveCfg = Release|x86
		{5453E6A2-3887-4B0D-AD98-811325C6EAB4}.Release|x64.ActiveCfg = Release|x64
		{5453E6A2-3887-4B0D-AD98-811325C6EAB4}.Release|x64.Build.0 = Release|x64
		{5453E6A2-3887-4B0D-AD98-811325C6EAB4}.Release|x64.Deploy.0 = Release|x64
		{5453E6A2-3887-4B0D-AD98-811325C6EAB4}.Release|x86.ActiveCfg = Release|x86
		{5453E6A2-3887-4B0D-AD98-811325C6EAB4}.Release|x86.Build.0 = Release|x86
		{5453E6A2-3887-4B0D-AD98-811325C6EAB4}.Release|x86.Deploy.0 = Release|x86
		{88959E0E-92C5-43AB-B3C9-0F82305DF1AB}.Ad-Hoc|Any CPU.ActiveCfg = Ad-Hoc|iPhone
		{88959E0E-92C5-43AB-B3C9-0F82305DF1AB}.Ad-Hoc|ARM.ActiveCfg = Ad-Hoc|iPhone
		{88959E0E-92C5-43AB-B3C9-0F82305DF1AB}.Ad-Hoc|iPhone.ActiveCfg = Ad-Hoc|iPhone
		{88959E0E-92C5-43AB-B3C9-0F82305DF1AB}.Ad-Hoc|iPhone.Build.0 = Ad-Hoc|iPhone
		{88959E0E-92C5-43AB-B3C9-0F82305DF1AB}.Ad-Hoc|iPhoneSimulator.ActiveCfg = Ad-Hoc|iPhoneSimulator
		{88959E0E-92C5-43AB-B3C9-0F82305DF1AB}.Ad-Hoc|iPhoneSimulator.Build.0 = Ad-Hoc|iPhoneSimulator
		{88959E0E-92C5-43AB-B3C9-0F82305DF1AB}.Ad-Hoc|x64.ActiveCfg = Ad-Hoc|iPhone
		{88959E0E-92C5-43AB-B3C9-0F82305DF1AB}.Ad-Hoc|x86.ActiveCfg = Ad-Hoc|iPhone
		{88959E0E-92C5-43AB-B3C9-0F82305DF1AB}.AppStore|Any CPU.ActiveCfg = AppStore|iPhone
		{88959E0E-92C5-43AB-B3C9-0F82305DF1AB}.AppStore|ARM.ActiveCfg = AppStore|iPhone
		{88959E0E-92C5-43AB-B3C9-0F82305DF1AB}.AppStore|iPhone.ActiveCfg = AppStore|iPhone
		{88959E0E-92C5-43AB-B3C9-0F82305DF1AB}.AppStore|iPhone.Build.0 = AppStore|iPhone
		{88959E0E-92C5-43AB-B3C9-0F82305DF1AB}.AppStore|iPhoneSimulator.ActiveCfg = AppStore|iPhoneSimulator
		{88959E0E-92C5-43AB-B3C9-0F82305DF1AB}.AppStore|iPhoneSimulator.Build.0 = AppStore|iPhoneSimulator
		{88959E0E-92C5-43AB-B3C9-0F82305DF1AB}.AppStore|x64.ActiveCfg = AppStore|iPhone
		{88959E0E-92C5-43AB-B3C9-0F82305DF1AB}.AppStore|x86.ActiveCfg = AppStore|iPhone
		{88959E0E-92C5-43AB-B3C9-0F82305DF1AB}.Debug|Any CPU.ActiveCfg = Debug|iPhone
		{88959E0E-92C5-43AB-B3C9-0F82305DF1AB}.Debug|ARM.ActiveCfg = Debug|iPhone
		{88959E0E-92C5-43AB-B3C9-0F82305DF1AB}.Debug|iPhone.ActiveCfg = Debug|iPhone
		{88959E0E-92C5-43AB-B3C9-0F82305DF1AB}.Debug|iPhone.Build.0 = Debug|iPhone
		{88959E0E-92C5-43AB-B3C9-0F82305DF1AB}.Debug|iPhoneSimulator.ActiveCfg = Debug|iPhoneSimulator
		{88959E0E-92C5-43AB-B3C9-0F82305DF1AB}.Debug|iPhoneSimulator.Build.0 = Debug|iPhoneSimulator
		{88959E0E-92C5-43AB-B3C9-0F82305DF1AB}.Debug|x64.ActiveCfg = Debug|iPhone
		{88959E0E-92C5-43AB-B3C9-0F82305DF1AB}.Debug|x86.ActiveCfg = Debug|iPhone
		{88959E0E-92C5-43AB-B3C9-0F82305DF1AB}.Release|Any CPU.ActiveCfg = Release|iPhone
		{88959E0E-92C5-43AB-B3C9-0F82305DF1AB}.Release|ARM.ActiveCfg = Release|iPhone
		{88959E0E-92C5-43AB-B3C9-0F82305DF1AB}.Release|iPhone.ActiveCfg = Release|iPhone
		{88959E0E-92C5-43AB-B3C9-0F82305DF1AB}.Release|iPhone.Build.0 = Release|iPhone
		{88959E0E-92C5-43AB-B3C9-0F82305DF1AB}.Release|iPhoneSimulator.ActiveCfg = Release|iPhoneSimulator
		{88959E0E-92C5-43AB-B3C9-0F82305DF1AB}.Release|iPhoneSimulator.Build.0 = Release|iPhoneSimulator
		{88959E0E-92C5-43AB-B3C9-0F82305DF1AB}.Release|x64.ActiveCfg = Release|iPhone
		{88959E0E-92C5-43AB-B3C9-0F82305DF1AB}.Release|x86.ActiveCfg = Release|iPhone
	EndGlobalSection
	GlobalSection(SolutionProperties) = preSolution
		HideSolutionNode = FALSE
	EndGlobalSection
	GlobalSection(ExtensibilityGlobals) = postSolution
		SolutionGuid = {24AB59D2-52C2-408A-AD5C-12142FF129D5}
	EndGlobalSection
EndGlobal
